// !$*UTF8*$!
{
	archiveVersion = 1;
	classes = {
	};
	objectVersion = 46;
	objects = {

/* Begin PBXBuildFile section */
		803323B514CF181F0087C34C /* UIKit.framework in Frameworks */ = {isa = PBXBuildFile; fileRef = 803323B414CF181F0087C34C /* UIKit.framework */; };
		803323B714CF181F0087C34C /* Foundation.framework in Frameworks */ = {isa = PBXBuildFile; fileRef = 803323B614CF181F0087C34C /* Foundation.framework */; };
		803323B914CF181F0087C34C /* CoreGraphics.framework in Frameworks */ = {isa = PBXBuildFile; fileRef = 803323B814CF181F0087C34C /* CoreGraphics.framework */; };
		803323BF14CF181F0087C34C /* InfoPlist.strings in Resources */ = {isa = PBXBuildFile; fileRef = 803323BD14CF181F0087C34C /* InfoPlist.strings */; };
		803323C114CF181F0087C34C /* main.m in Sources */ = {isa = PBXBuildFile; fileRef = 803323C014CF181F0087C34C /* main.m */; };
		803323C514CF181F0087C34C /* AppDelegate.m in Sources */ = {isa = PBXBuildFile; fileRef = 803323C414CF181F0087C34C /* AppDelegate.m */; };
		803323C814CF181F0087C34C /* MainStoryboard.storyboard in Resources */ = {isa = PBXBuildFile; fileRef = 803323C614CF181F0087C34C /* MainStoryboard.storyboard */; };
		803323CB14CF181F0087C34C /* ViewController.m in Sources */ = {isa = PBXBuildFile; fileRef = 803323CA14CF181F0087C34C /* ViewController.m */; };
		803323D214CF1B9D0087C34C /* windows-icon.png in Resources */ = {isa = PBXBuildFile; fileRef = 803323D114CF1B9D0087C34C /* windows-icon.png */; };
		803323D414CF1BA60087C34C /* apple-icon.png in Resources */ = {isa = PBXBuildFile; fileRef = 803323D314CF1BA60087C34C /* apple-icon.png */; };
/* End PBXBuildFile section */

/* Begin PBXFileReference section */
		803323B014CF181F0087C34C /* TopToolbarAsTabbar.app */ = {isa = PBXFileReference; explicitFileType = wrapper.application; includeInIndex = 0; path = TopToolbarAsTabbar.app; sourceTree = BUILT_PRODUCTS_DIR; };
		803323B414CF181F0087C34C /* UIKit.framework */ = {isa = PBXFileReference; lastKnownFileType = wrapper.framework; name = UIKit.framework; path = System/Library/Frameworks/UIKit.framework; sourceTree = SDKROOT; };
		803323B614CF181F0087C34C /* Foundation.framework */ = {isa = PBXFileReference; lastKnownFileType = wrapper.framework; name = Foundation.framework; path = System/Library/Frameworks/Foundation.framework; sourceTree = SDKROOT; };
		803323B814CF181F0087C34C /* CoreGraphics.framework */ = {isa = PBXFileReference; lastKnownFileType = wrapper.framework; name = CoreGraphics.framework; path = System/Library/Frameworks/CoreGraphics.framework; sourceTree = SDKROOT; };
		803323BC14CF181F0087C34C /* TopToolbarAsTabbar-Info.plist */ = {isa = PBXFileReference; lastKnownFileType = text.plist.xml; path = "TopToolbarAsTabbar-Info.plist"; sourceTree = "<group>"; };
		803323BE14CF181F0087C34C /* en */ = {isa = PBXFileReference; lastKnownFileType = text.plist.strings; name = en; path = en.lproj/InfoPlist.strings; sourceTree = "<group>"; };
		803323C014CF181F0087C34C /* main.m */ = {isa = PBXFileReference; lastKnownFileType = sourcecode.c.objc; path = main.m; sourceTree = "<group>"; };
		803323C214CF181F0087C34C /* TopToolbarAsTabbar-Prefix.pch */ = {isa = PBXFileReference; lastKnownFileType = sourcecode.c.h; path = "TopToolbarAsTabbar-Prefix.pch"; sourceTree = "<group>"; };
		803323C314CF181F0087C34C /* AppDelegate.h */ = {isa = PBXFileReference; lastKnownFileType = sourcecode.c.h; path = AppDelegate.h; sourceTree = "<group>"; };
		803323C414CF181F0087C34C /* AppDelegate.m */ = {isa = PBXFileReference; lastKnownFileType = sourcecode.c.objc; path = AppDelegate.m; sourceTree = "<group>"; };
		803323C714CF181F0087C34C /* en */ = {isa = PBXFileReference; lastKnownFileType = file.storyboard; name = en; path = en.lproj/MainStoryboard.storyboard; sourceTree = "<group>"; };
		803323C914CF181F0087C34C /* ViewController.h */ = {isa = PBXFileReference; lastKnownFileType = sourcecode.c.h; path = ViewController.h; sourceTree = "<group>"; };
		803323CA14CF181F0087C34C /* ViewController.m */ = {isa = PBXFileReference; lastKnownFileType = sourcecode.c.objc; path = ViewController.m; sourceTree = "<group>"; };
		803323D114CF1B9D0087C34C /* windows-icon.png */ = {isa = PBXFileReference; lastKnownFileType = image.png; name = "windows-icon.png"; path = "../../../../images/windows-icon.png"; sourceTree = "<group>"; };
		803323D314CF1BA60087C34C /* apple-icon.png */ = {isa = PBXFileReference; lastKnownFileType = image.png; name = "apple-icon.png"; path = "../../../../images/apple-icon.png"; sourceTree = "<group>"; };
/* End PBXFileReference section */

/* Begin PBXFrameworksBuildPhase section */
		803323AD14CF181F0087C34C /* Frameworks */ = {
			isa = PBXFrameworksBuildPhase;
			buildActionMask = 2147483647;
			files = (
				803323B514CF181F0087C34C /* UIKit.framework in Frameworks */,
				803323B714CF181F0087C34C /* Foundation.framework in Frameworks */,
				803323B914CF181F0087C34C /* CoreGraphics.framework in Frameworks */,
			);
			runOnlyForDeploymentPostprocessing = 0;
		};
/* End PBXFrameworksBuildPhase section */

/* Begin PBXGroup section */
		803323A514CF181F0087C34C = {
			isa = PBXGroup;
			children = (
				803323BA14CF181F0087C34C /* TopToolbarAsTabbar */,
				803323B314CF181F0087C34C /* Frameworks */,
				803323B114CF181F0087C34C /* Products */,
			);
			sourceTree = "<group>";
		};
		803323B114CF181F0087C34C /* Products */ = {
			isa = PBXGroup;
			children = (
				803323B014CF181F0087C34C /* TopToolbarAsTabbar.app */,
			);
			name = Products;
			sourceTree = "<group>";
		};
		803323B314CF181F0087C34C /* Frameworks */ = {
			isa = PBXGroup;
			children = (
				803323B414CF181F0087C34C /* UIKit.framework */,
				803323B614CF181F0087C34C /* Foundation.framework */,
				803323B814CF181F0087C34C /* CoreGraphics.framework */,
			);
			name = Frameworks;
			sourceTree = "<group>";
		};
		803323BA14CF181F0087C34C /* TopToolbarAsTabbar */ = {
			isa = PBXGroup;
			children = (
				803323D314CF1BA60087C34C /* apple-icon.png */,
				803323D114CF1B9D0087C34C /* windows-icon.png */,
				803323C314CF181F0087C34C /* AppDelegate.h */,
				803323C414CF181F0087C34C /* AppDelegate.m */,
				803323C614CF181F0087C34C /* MainStoryboard.storyboard */,
				803323C914CF181F0087C34C /* ViewController.h */,
				803323CA14CF181F0087C34C /* ViewController.m */,
				803323BB14CF181F0087C34C /* Supporting Files */,
			);
			path = TopToolbarAsTabbar;
			sourceTree = "<group>";
		};
		803323BB14CF181F0087C34C /* Supporting Files */ = {
			isa = PBXGroup;
			children = (
				803323BC14CF181F0087C34C /* TopToolbarAsTabbar-Info.plist */,
				803323BD14CF181F0087C34C /* InfoPlist.strings */,
				803323C014CF181F0087C34C /* main.m */,
				803323C214CF181F0087C34C /* TopToolbarAsTabbar-Prefix.pch */,
			);
			name = "Supporting Files";
			sourceTree = "<group>";
		};
/* End PBXGroup section */

/* Begin PBXNativeTarget section */
		803323AF14CF181F0087C34C /* TopToolbarAsTabbar */ = {
			isa = PBXNativeTarget;
			buildConfigurationList = 803323CE14CF181F0087C34C /* Build configuration list for PBXNativeTarget "TopToolbarAsTabbar" */;
			buildPhases = (
				803323AC14CF181F0087C34C /* Sources */,
				803323AD14CF181F0087C34C /* Frameworks */,
				803323AE14CF181F0087C34C /* Resources */,
			);
			buildRules = (
			);
			dependencies = (
			);
			name = TopToolbarAsTabbar;
			productName = TopToolbarAsTabbar;
			productReference = 803323B014CF181F0087C34C /* TopToolbarAsTabbar.app */;
			productType = "com.apple.product-type.application";
		};
/* End PBXNativeTarget section */

/* Begin PBXProject section */
		803323A714CF181F0087C34C /* Project object */ = {
			isa = PBXProject;
			attributes = {
				LastUpgradeCheck = 0420;
			};
			buildConfigurationList = 803323AA14CF181F0087C34C /* Build configuration list for PBXProject "TopToolbarAsTabbar" */;
			compatibilityVersion = "Xcode 3.2";
			developmentRegion = English;
			hasScannedForEncodings = 0;
			knownRegions = (
				en,
			);
			mainGroup = 803323A514CF181F0087C34C;
			productRefGroup = 803323B114CF181F0087C34C /* Products */;
			projectDirPath = "";
			projectRoot = "";
			targets = (
				803323AF14CF181F0087C34C /* TopToolbarAsTabbar */,
			);
		};
/* End PBXProject section */

/* Begin PBXResourcesBuildPhase section */
		803323AE14CF181F0087C34C /* Resources */ = {
			isa = PBXResourcesBuildPhase;
			buildActionMask = 2147483647;
			files = (
				803323BF14CF181F0087C34C /* InfoPlist.strings in Resources */,
				803323C814CF181F0087C34C /* MainStoryboard.storyboard in Resources */,
				803323D214CF1B9D0087C34C /* windows-icon.png in Resources */,
				803323D414CF1BA60087C34C /* apple-icon.png in Resources */,
			);
			runOnlyForDeploymentPostprocessing = 0;
		};
/* End PBXResourcesBuildPhase section */

/* Begin PBXSourcesBuildPhase section */
		803323AC14CF181F0087C34C /* Sources */ = {
			isa = PBXSourcesBuildPhase;
			buildActionMask = 2147483647;
			files = (
				803323C114CF181F0087C34C /* main.m in Sources */,
				803323C514CF181F0087C34C /* AppDelegate.m in Sources */,
				803323CB14CF181F0087C34C /* ViewController.m in Sources */,
			);
			runOnlyForDeploymentPostprocessing = 0;
		};
/* End PBXSourcesBuildPhase section */

/* Begin PBXVariantGroup section */
		803323BD14CF181F0087C34C /* InfoPlist.strings */ = {
			isa = PBXVariantGroup;
			children = (
				803323BE14CF181F0087C34C /* en */,
			);
			name = InfoPlist.strings;
			sourceTree = "<group>";
		};
		803323C614CF181F0087C34C /* MainStoryboard.storyboard */ = {
			isa = PBXVariantGroup;
			children = (
				803323C714CF181F0087C34C /* en */,
			);
			name = MainStoryboard.storyboard;
			sourceTree = "<group>";
		};
/* End PBXVariantGroup section */

/* Begin XCBuildConfiguration section */
		803323CC14CF181F0087C34C /* Debug */ = {
			isa = XCBuildConfiguration;
			buildSettings = {
				ALWAYS_SEARCH_USER_PATHS = NO;
				ARCHS = "$(ARCHS_STANDARD_32_BIT)";
				CLANG_ENABLE_OBJC_ARC = YES;
				"CODE_SIGN_IDENTITY[sdk=iphoneos*]" = "iPhone Developer";
				COPY_PHASE_STRIP = NO;
				GCC_C_LANGUAGE_STANDARD = gnu99;
				GCC_DYNAMIC_NO_PIC = NO;
				GCC_OPTIMIZATION_LEVEL = 0;
				GCC_PREPROCESSOR_DEFINITIONS = (
					"DEBUG=1",
					"$(inherited)",
				);
				GCC_SYMBOLS_PRIVATE_EXTERN = NO;
				GCC_VERSION = com.apple.compilers.llvm.clang.1_0;
				GCC_WARN_ABOUT_MISSING_PROTOTYPES = YES;
				GCC_WARN_ABOUT_RETURN_TYPE = YES;
				GCC_WARN_UNUSED_VARIABLE = YES;
				IPHONEOS_DEPLOYMENT_TARGET = 5.0;
				SDKROOT = iphoneos;
				TARGETED_DEVICE_FAMILY = 2;
			};
			name = Debug;
		};
		803323CD14CF181F0087C34C /* Release */ = {
			isa = XCBuildConfiguration;
			buildSettings = {
				ALWAYS_SEARCH_USER_PATHS = NO;
				ARCHS = "$(ARCHS_STANDARD_32_BIT)";
				CLANG_ENABLE_OBJC_ARC = YES;
				"CODE_SIGN_IDENTITY[sdk=iphoneos*]" = "iPhone Developer";
				COPY_PHASE_STRIP = YES;
				GCC_C_LANGUAGE_STANDARD = gnu99;
				GCC_VERSION = com.apple.compilers.llvm.clang.1_0;
				GCC_WARN_ABOUT_MISSING_PROTOTYPES = YES;
				GCC_WARN_ABOUT_RETURN_TYPE = YES;
				GCC_WARN_UNUSED_VARIABLE = YES;
				IPHONEOS_DEPLOYMENT_TARGET = 5.0;
				OTHER_CFLAGS = "-DNS_BLOCK_ASSERTIONS=1";
				SDKROOT = iphoneos;
				TARGETED_DEVICE_FAMILY = 2;
				VALIDATE_PRODUCT = YES;
			};
			name = Release;
		};
		803323CF14CF181F0087C34C /* Debug */ = {
			isa = XCBuildConfiguration;
			buildSettings = {
				GCC_PRECOMPILE_PREFIX_HEADER = YES;
				GCC_PREFIX_HEADER = "TopToolbarAsTabbar/TopToolbarAsTabbar-Prefix.pch";
				INFOPLIST_FILE = "TopToolbarAsTabbar/TopToolbarAsTabbar-Info.plist";
				PRODUCT_NAME = "$(TARGET_NAME)";
				WRAPPER_EXTENSION = app;
			};
			name = Debug;
		};
		803323D014CF181F0087C34C /* Release */ = {
			isa = XCBuildConfiguration;
			buildSettings = {
				GCC_PRECOMPILE_PREFIX_HEADER = YES;
				GCC_PREFIX_HEADER = "TopToolbarAsTabbar/TopToolbarAsTabbar-Prefix.pch";
				INFOPLIST_FILE = "TopToolbarAsTabbar/TopToolbarAsTabbar-Info.plist";
				PRODUCT_NAME = "$(TARGET_NAME)";
				WRAPPER_EXTENSION = app;
			};
			name = Release;
		};
/* End XCBuildConfiguration section */

/* Begin XCConfigurationList section */
		803323AA14CF181F0087C34C /* Build configuration list for PBXProject "TopToolbarAsTabbar" */ = {
			isa = XCConfigurationList;
			buildConfigurations = (
				803323CC14CF181F0087C34C /* Debug */,
				803323CD14CF181F0087C34C /* Release */,
			);
			defaultConfigurationIsVisible = 0;
			defaultConfigurationName = Release;
		};
		803323CE14CF181F0087C34C /* Build configuration list for PBXNativeTarget "TopToolbarAsTabbar" */ = {
			isa = XCConfigurationList;
			buildConfigurations = (
				803323CF14CF181F0087C34C /* Debug */,
				803323D014CF181F0087C34C /* Release */,
			);
			defaultConfigurationIsVisible = 0;
		};
/* End XCConfigurationList section */
	};
	rootObject = 803323A714CF181F0087C34C /* Project object */;
}
